// !$*UTF8*$!
{
	archiveVersion = 1;
	classes = {
	};
	objectVersion = 50;
	objects = {

/* Begin PBXBuildFile section */
		2205984E20C3387A003EF767 /* Concentration.swift in Sources */ = {isa = PBXBuildFile; fileRef = 2205984D20C3387A003EF767 /* Concentration.swift */; };
		2205985020C33936003EF767 /* Card.swift in Sources */ = {isa = PBXBuildFile; fileRef = 2205984F20C33936003EF767 /* Card.swift */; };
		227413F920C1F85A001B0A63 /* AppDelegate.swift in Sources */ = {isa = PBXBuildFile; fileRef = 227413F820C1F85A001B0A63 /* AppDelegate.swift */; };
		227413FB20C1F85A001B0A63 /* ConcentrationViewController.swift in Sources */ = {isa = PBXBuildFile; fileRef = 227413FA20C1F85A001B0A63 /* ConcentrationViewController.swift */; };
		227413FE20C1F85A001B0A63 /* Main.storyboard in Resources */ = {isa = PBXBuildFile; fileRef = 227413FC20C1F85A001B0A63 /* Main.storyboard */; };
		2274140020C1F85C001B0A63 /* Assets.xcassets in Resources */ = {isa = PBXBuildFile; fileRef = 227413FF20C1F85C001B0A63 /* Assets.xcassets */; };
		2274140320C1F85C001B0A63 /* LaunchScreen.storyboard in Resources */ = {isa = PBXBuildFile; fileRef = 2274140120C1F85C001B0A63 /* LaunchScreen.storyboard */; };
		227A02FB22433DCE00E02BDE /* CardView.swift in Sources */ = {isa = PBXBuildFile; fileRef = 227A02FA22433DCE00E02BDE /* CardView.swift */; };
		22AF1D01224231B10023FC6E /* IntExtension.swift in Sources */ = {isa = PBXBuildFile; fileRef = 22AF1D00224231B10023FC6E /* IntExtension.swift */; };
		22D3AAEA223A477A00554CC6 /* ConcentrationThemeChooserViewController.swift in Sources */ = {isa = PBXBuildFile; fileRef = 22D3AAE9223A477A00554CC6 /* ConcentrationThemeChooserViewController.swift */; };
/* End PBXBuildFile section */

/* Begin PBXFileReference section */
		2205984D20C3387A003EF767 /* Concentration.swift */ = {isa = PBXFileReference; lastKnownFileType = sourcecode.swift; path = Concentration.swift; sourceTree = "<group>"; };
		2205984F20C33936003EF767 /* Card.swift */ = {isa = PBXFileReference; lastKnownFileType = sourcecode.swift; path = Card.swift; sourceTree = "<group>"; };
		227413F520C1F85A001B0A63 /* Concentration.app */ = {isa = PBXFileReference; explicitFileType = wrapper.application; includeInIndex = 0; path = Concentration.app; sourceTree = BUILT_PRODUCTS_DIR; };
		227413F820C1F85A001B0A63 /* AppDelegate.swift */ = {isa = PBXFileReference; lastKnownFileType = sourcecode.swift; path = AppDelegate.swift; sourceTree = "<group>"; };
		227413FA20C1F85A001B0A63 /* ConcentrationViewController.swift */ = {isa = PBXFileReference; lastKnownFileType = sourcecode.swift; path = ConcentrationViewController.swift; sourceTree = "<group>"; };
		227413FD20C1F85A001B0A63 /* Base */ = {isa = PBXFileReference; lastKnownFileType = file.storyboard; name = Base; path = Base.lproj/Main.storyboard; sourceTree = "<group>"; };
		227413FF20C1F85C001B0A63 /* Assets.xcassets */ = {isa = PBXFileReference; lastKnownFileType = folder.assetcatalog; path = Assets.xcassets; sourceTree = "<group>"; };
		2274140220C1F85C001B0A63 /* Base */ = {isa = PBXFileReference; lastKnownFileType = file.storyboard; name = Base; path = Base.lproj/LaunchScreen.storyboard; sourceTree = "<group>"; };
		2274140420C1F85C001B0A63 /* Info.plist */ = {isa = PBXFileReference; lastKnownFileType = text.plist.xml; path = Info.plist; sourceTree = "<group>"; };
		227A02FA22433DCE00E02BDE /* CardView.swift */ = {isa = PBXFileReference; lastKnownFileType = sourcecode.swift; path = CardView.swift; sourceTree = "<group>"; };
		22AF1D00224231B10023FC6E /* IntExtension.swift */ = {isa = PBXFileReference; lastKnownFileType = sourcecode.swift; path = IntExtension.swift; sourceTree = "<group>"; };
		22D3AAE9223A477A00554CC6 /* ConcentrationThemeChooserViewController.swift */ = {isa = PBXFileReference; lastKnownFileType = sourcecode.swift; path = ConcentrationThemeChooserViewController.swift; sourceTree = "<group>"; };
/* End PBXFileReference section */

/* Begin PBXFrameworksBuildPhase section */
		227413F220C1F85A001B0A63 /* Frameworks */ = {
			isa = PBXFrameworksBuildPhase;
			buildActionMask = 2147483647;
			files = (
			);
			runOnlyForDeploymentPostprocessing = 0;
		};
/* End PBXFrameworksBuildPhase section */

/* Begin PBXGroup section */
		227413EC20C1F85A001B0A63 = {
			isa = PBXGroup;
			children = (
				227413F720C1F85A001B0A63 /* Concentration */,
				227413F620C1F85A001B0A63 /* Products */,
			);
			sourceTree = "<group>";
		};
		227413F620C1F85A001B0A63 /* Products */ = {
			isa = PBXGroup;
			children = (
				227413F520C1F85A001B0A63 /* Concentration.app */,
			);
			name = Products;
			sourceTree = "<group>";
		};
		227413F720C1F85A001B0A63 /* Concentration */ = {
			isa = PBXGroup;
			children = (
				2274140A20C1F98C001B0A63 /* Supporting Files */,
				227A02F922433D9800E02BDE /* View */,
				227A3AC222429B83008DEB57 /* Controllers */,
				227A3AC322429B95008DEB57 /* Model */,
				227413FC20C1F85A001B0A63 /* Main.storyboard */,
				2274140420C1F85C001B0A63 /* Info.plist */,
			);
			path = Concentration;
			sourceTree = "<group>";
		};
		2274140A20C1F98C001B0A63 /* Supporting Files */ = {
			isa = PBXGroup;
			children = (
				22AF1D00224231B10023FC6E /* IntExtension.swift */,
				227413F820C1F85A001B0A63 /* AppDelegate.swift */,
				227413FF20C1F85C001B0A63 /* Assets.xcassets */,
				2274140120C1F85C001B0A63 /* LaunchScreen.storyboard */,
			);
			path = "Supporting Files";
			sourceTree = "<group>";
		};
		227A02F922433D9800E02BDE /* View */ = {
			isa = PBXGroup;
			children = (
				227A02FA22433DCE00E02BDE /* CardView.swift */,
			);
			path = View;
			sourceTree = "<group>";
		};
		227A3AC222429B83008DEB57 /* Controllers */ = {
			isa = PBXGroup;
			children = (
				22D3AAE9223A477A00554CC6 /* ConcentrationThemeChooserViewController.swift */,
				227413FA20C1F85A001B0A63 /* ConcentrationViewController.swift */,
			);
			path = Controllers;
			sourceTree = "<group>";
		};
		227A3AC322429B95008DEB57 /* Model */ = {
			isa = PBXGroup;
			children = (
				2205984F20C33936003EF767 /* Card.swift */,
				2205984D20C3387A003EF767 /* Concentration.swift */,
			);
			path = Model;
			sourceTree = "<group>";
		};
/* End PBXGroup section */

/* Begin PBXNativeTarget section */
		227413F420C1F85A001B0A63 /* Concentration */ = {
			isa = PBXNativeTarget;
			buildConfigurationList = 2274140720C1F85C001B0A63 /* Build configuration list for PBXNativeTarget "Concentration" */;
			buildPhases = (
				227413F120C1F85A001B0A63 /* Sources */,
				227413F220C1F85A001B0A63 /* Frameworks */,
				227413F320C1F85A001B0A63 /* Resources */,
			);
			buildRules = (
			);
			dependencies = (
			);
			name = Concentration;
			productName = Concentration;
			productReference = 227413F520C1F85A001B0A63 /* Concentration.app */;
			productType = "com.apple.product-type.application";
		};
/* End PBXNativeTarget section */

/* Begin PBXProject section */
		227413ED20C1F85A001B0A63 /* Project object */ = {
			isa = PBXProject;
			attributes = {
				LastSwiftUpdateCheck = 0930;
				LastUpgradeCheck = 0930;
				ORGANIZATIONNAME = "Ivan De Martino";
				TargetAttributes = {
					227413F420C1F85A001B0A63 = {
						CreatedOnToolsVersion = 9.3;
						LastSwiftMigration = 1010;
					};
				};
			};
			buildConfigurationList = 227413F020C1F85A001B0A63 /* Build configuration list for PBXProject "Concentration" */;
			compatibilityVersion = "Xcode 9.3";
			developmentRegion = en;
			hasScannedForEncodings = 0;
			knownRegions = (
				en,
				Base,
			);
			mainGroup = 227413EC20C1F85A001B0A63;
			productRefGroup = 227413F620C1F85A001B0A63 /* Products */;
			projectDirPath = "";
			projectRoot = "";
			targets = (
				227413F420C1F85A001B0A63 /* Concentration */,
			);
		};
/* End PBXProject section */

/* Begin PBXResourcesBuildPhase section */
		227413F320C1F85A001B0A63 /* Resources */ = {
			isa = PBXResourcesBuildPhase;
			buildActionMask = 2147483647;
			files = (
				2274140320C1F85C001B0A63 /* LaunchScreen.storyboard in Resources */,
				2274140020C1F85C001B0A63 /* Assets.xcassets in Resources */,
				227413FE20C1F85A001B0A63 /* Main.storyboard in Resources */,
			);
			runOnlyForDeploymentPostprocessing = 0;
		};
/* End PBXResourcesBuildPhase section */

/* Begin PBXSourcesBuildPhase section */
		227413F120C1F85A001B0A63 /* Sources */ = {
			isa = PBXSourcesBuildPhase;
			buildActionMask = 2147483647;
			files = (
				227A02FB22433DCE00E02BDE /* CardView.swift in Sources */,
				22D3AAEA223A477A00554CC6 /* ConcentrationThemeChooserViewController.swift in Sources */,
				227413FB20C1F85A001B0A63 /* ConcentrationViewController.swift in Sources */,
				227413F920C1F85A001B0A63 /* AppDelegate.swift in Sources */,
				2205984E20C3387A003EF767 /* Concentration.swift in Sources */,
				2205985020C33936003EF767 /* Card.swift in Sources */,
				22AF1D01224231B10023FC6E /* IntExtension.swift in Sources */,
			);
			runOnlyForDeploymentPostprocessing = 0;
		};
/* End PBXSourcesBuildPhase section */

/* Begin PBXVariantGroup section */
		227413FC20C1F85A001B0A63 /* Main.storyboard */ = {
			isa = PBXVariantGroup;
			children = (
				227413FD20C1F85A001B0A63 /* Base */,
			);
			name = Main.storyboard;
			sourceTree = "<group>";
		};
		2274140120C1F85C001B0A63 /* LaunchScreen.storyboard */ = {
			isa = PBXVariantGroup;
			children = (
				2274140220C1F85C001B0A63 /* Base */,
			);
			name = LaunchScreen.storyboard;
			sourceTree = "<group>";
		};
/* End PBXVariantGroup section */

/* Begin XCBuildConfiguration section */
		2274140520C1F85C001B0A63 /* Debug */ = {
			isa = XCBuildConfiguration;
			buildSettings = {
				ALWAYS_SEARCH_USER_PATHS = NO;
				CLANG_ANALYZER_NONNULL = YES;
				CLANG_ANALYZER_NUMBER_OBJECT_CONVERSION = YES_AGGRESSIVE;
				CLANG_CXX_LANGUAGE_STANDARD = "gnu++14";
				CLANG_CXX_LIBRARY = "libc++";
				CLANG_ENABLE_MODULES = YES;
				CLANG_ENABLE_OBJC_ARC = YES;
				CLANG_ENABLE_OBJC_WEAK = YES;
				CLANG_WARN_BLOCK_CAPTURE_AUTORELEASING = YES;
				CLANG_WARN_BOOL_CONVERSION = YES;
				CLANG_WARN_COMMA = YES;
				CLANG_WARN_CONSTANT_CONVERSION = YES;
				CLANG_WARN_DEPRECATED_OBJC_IMPLEMENTATIONS = YES;
				CLANG_WARN_DIRECT_OBJC_ISA_USAGE = YES_ERROR;
				CLANG_WARN_DOCUMENTATION_COMMENTS = YES;
				CLANG_WARN_EMPTY_BODY = YES;
				CLANG_WARN_ENUM_CONVERSION = YES;
				CLANG_WARN_INFINITE_RECURSION = YES;
				CLANG_WARN_INT_CONVERSION = YES;
				CLANG_WARN_NON_LITERAL_NULL_CONVERSION = YES;
				CLANG_WARN_OBJC_IMPLICIT_RETAIN_SELF = YES;
				CLANG_WARN_OBJC_LITERAL_CONVERSION = YES;
				CLANG_WARN_OBJC_ROOT_CLASS = YES_ERROR;
				CLANG_WARN_RANGE_LOOP_ANALYSIS = YES;
				CLANG_WARN_STRICT_PROTOTYPES = YES;
				CLANG_WARN_SUSPICIOUS_MOVE = YES;
				CLANG_WARN_UNGUARDED_AVAILABILITY = YES_AGGRESSIVE;
				CLANG_WARN_UNREACHABLE_CODE = YES;
				CLANG_WARN__DUPLICATE_METHOD_MATCH = YES;
				CODE_SIGN_IDENTITY = "iPhone Developer";
				COPY_PHASE_STRIP = NO;
				DEBUG_INFORMATION_FORMAT = dwarf;
				ENABLE_STRICT_OBJC_MSGSEND = YES;
				ENABLE_TESTABILITY = YES;
				GCC_C_LANGUAGE_STANDARD = gnu11;
				GCC_DYNAMIC_NO_PIC = NO;
				GCC_NO_COMMON_BLOCKS = YES;
				GCC_OPTIMIZATION_LEVEL = 0;
				GCC_PREPROCESSOR_DEFINITIONS = (
					"DEBUG=1",
					"$(inherited)",
				);
				GCC_WARN_64_TO_32_BIT_CONVERSION = YES;
				GCC_WARN_ABOUT_RETURN_TYPE = YES_ERROR;
				GCC_WARN_UNDECLARED_SELECTOR = YES;
				GCC_WARN_UNINITIALIZED_AUTOS = YES_AGGRESSIVE;
				GCC_WARN_UNUSED_FUNCTION = YES;
				GCC_WARN_UNUSED_VARIABLE = YES;
				IPHONEOS_DEPLOYMENT_TARGET = 11.3;
				MTL_ENABLE_DEBUG_INFO = YES;
				ONLY_ACTIVE_ARCH = YES;
				SDKROOT = iphoneos;
				SWIFT_ACTIVE_COMPILATION_CONDITIONS = DEBUG;
				SWIFT_OPTIMIZATION_LEVEL = "-Onone";
			};
			name = Debug;
		};
		2274140620C1F85C001B0A63 /* Release */ = {
			isa = XCBuildConfiguration;
			buildSettings = {
				ALWAYS_SEARCH_USER_PATHS = NO;
				CLANG_ANALYZER_NONNULL = YES;
				CLANG_ANALYZER_NUMBER_OBJECT_CONVERSION = YES_AGGRESSIVE;
				CLANG_CXX_LANGUAGE_STANDARD = "gnu++14";
				CLANG_CXX_LIBRARY = "libc++";
				CLANG_ENABLE_MODULES = YES;
				CLANG_ENABLE_OBJC_ARC = YES;
				CLANG_ENABLE_OBJC_WEAK = YES;
				CLANG_WARN_BLOCK_CAPTURE_AUTORELEASING = YES;
				CLANG_WARN_BOOL_CONVERSION = YES;
				CLANG_WARN_COMMA = YES;
				CLANG_WARN_CONSTANT_CONVERSION = YES;
				CLANG_WARN_DEPRECATED_OBJC_IMPLEMENTATIONS = YES;
				CLANG_WARN_DIRECT_OBJC_ISA_USAGE = YES_ERROR;
				CLANG_WARN_DOCUMENTATION_COMMENTS = YES;
				CLANG_WARN_EMPTY_BODY = YES;
				CLANG_WARN_ENUM_CONVERSION = YES;
				CLANG_WARN_INFINITE_RECURSION = YES;
				CLANG_WARN_INT_CONVERSION = YES;
				CLANG_WARN_NON_LITERAL_NULL_CONVERSION = YES;
				CLANG_WARN_OBJC_IMPLICIT_RETAIN_SELF = YES;
				CLANG_WARN_OBJC_LITERAL_CONVERSION = YES;
				CLANG_WARN_OBJC_ROOT_CLASS = YES_ERROR;
				CLANG_WARN_RANGE_LOOP_ANALYSIS = YES;
				CLANG_WARN_STRICT_PROTOTYPES = YES;
				CLANG_WARN_SUSPICIOUS_MOVE = YES;
				CLANG_WARN_UNGUARDED_AVAILABILITY = YES_AGGRESSIVE;
				CLANG_WARN_UNREACHABLE_CODE = YES;
				CLANG_WARN__DUPLICATE_METHOD_MATCH = YES;
				CODE_SIGN_IDENTITY = "iPhone Developer";
				COPY_PHASE_STRIP = NO;
				DEBUG_INFORMATION_FORMAT = "dwarf-with-dsym";
				ENABLE_NS_ASSERTIONS = NO;
				ENABLE_STRICT_OBJC_MSGSEND = YES;
				GCC_C_LANGUAGE_STANDARD = gnu11;
				GCC_NO_COMMON_BLOCKS = YES;
				GCC_WARN_64_TO_32_BIT_CONVERSION = YES;
				GCC_WARN_ABOUT_RETURN_TYPE = YES_ERROR;
				GCC_WARN_UNDECLARED_SELECTOR = YES;
				GCC_WARN_UNINITIALIZED_AUTOS = YES_AGGRESSIVE;
				GCC_WARN_UNUSED_FUNCTION = YES;
				GCC_WARN_UNUSED_VARIABLE = YES;
				IPHONEOS_DEPLOYMENT_TARGET = 11.3;
				MTL_ENABLE_DEBUG_INFO = NO;
				SDKROOT = iphoneos;
				SWIFT_COMPILATION_MODE = wholemodule;
				SWIFT_OPTIMIZATION_LEVEL = "-O";
				VALIDATE_PRODUCT = YES;
			};
			name = Release;
		};
		2274140820C1F85C001B0A63 /* Debug */ = {
			isa = XCBuildConfiguration;
			buildSettings = {
				ASSETCATALOG_COMPILER_APPICON_NAME = AppIcon;
				CODE_SIGN_STYLE = Automatic;
				DEVELOPMENT_TEAM = QQF7JL5XW3;
				INFOPLIST_FILE = Concentration/Info.plist;
				LD_RUNPATH_SEARCH_PATHS = (
					"$(inherited)",
					"@executable_path/Frameworks",
				);
				PRODUCT_BUNDLE_IDENTIFIER = BIHLCorp.Concentration;
				PRODUCT_NAME = "$(TARGET_NAME)";
				SWIFT_VERSION = 4.2;
				TARGETED_DEVICE_FAMILY = "1,2";
			};
			name = Debug;
		};
		2274140920C1F85C001B0A63 /* Release */ = {
			isa = XCBuildConfiguration;
			buildSettings = {
				ASSETCATALOG_COMPILER_APPICON_NAME = AppIcon;
				CODE_SIGN_STYLE = Automatic;
				DEVELOPMENT_TEAM = QQF7JL5XW3;
				INFOPLIST_FILE = Concentration/Info.plist;
				LD_RUNPATH_SEARCH_PATHS = (
					"$(inherited)",
					"@executable_path/Frameworks",
				);
				PRODUCT_BUNDLE_IDENTIFIER = BIHLCorp.Concentration;
				PRODUCT_NAME = "$(TARGET_NAME)";
				SWIFT_VERSION = 4.2;
				TARGETED_DEVICE_FAMILY = "1,2";
			};
			name = Release;
		};
/* End XCBuildConfiguration section */

/* Begin XCConfigurationList section */
		227413F020C1F85A001B0A63 /* Build configuration list for PBXProject "Concentration" */ = {
			isa = XCConfigurationList;
			buildConfigurations = (
				2274140520C1F85C001B0A63 /* Debug */,
				2274140620C1F85C001B0A63 /* Release */,
			);
			defaultConfigurationIsVisible = 0;
			defaultConfigurationName = Release;
		};
		2274140720C1F85C001B0A63 /* Build configuration list for PBXNativeTarget "Concentration" */ = {
			isa = XCConfigurationList;
			buildConfigurations = (
				2274140820C1F85C001B0A63 /* Debug */,
				2274140920C1F85C001B0A63 /* Release */,
			);
			defaultConfigurationIsVisible = 0;
			defaultConfigurationName = Release;
		};
/* End XCConfigurationList section */
	};
	rootObject = 227413ED20C1F85A001B0A63 /* Project object */;
}
